
Microsoft Visual Studio Solution File, Format Version 12.00
# Visual Studio Express 2012 for Windows Desktop
Project("{FAE04EC0-301F-11D3-BF4B-00C04F79EFBC}") = "Demonstration 1", "Demonstration 1\Demonstration 1.csproj", "{EF6AA5E7-D8BF-44D4-87AA-757C1CA7DF17}"
EndProject
Global
	GlobalSection(SolutionConfigurationPlatforms) = preSolution
		Debug|Any CPU = Debug|Any CPU
		Debug|Mixed Platforms = Debug|Mixed Platforms
		Debug|x86 = Debug|x86
		Release|Any CPU = Release|Any CPU
		Release|Mixed Platforms = Release|Mixed Platforms
		Release|x86 = Release|x86
	EndGlobalSection
	GlobalSection(ProjectConfigurationPlatforms) = postSolution
		{EF6AA5E7-D8BF-44D4-87AA-757C1CA7DF17}.Debug|Any CPU.ActiveCfg = Debug|Any CPU
		{EF6AA5E7-D8BF-44D4-87AA-757C1CA7DF17}.Debug|Any CPU.Build.0 = Debug|Any CPU
		{EF6AA5E7-D8BF-44D4-87AA-757C1CA7DF17}.Debug|Mixed Platforms.ActiveCfg = Debug|Any CPU
		{EF6AA5E7-D8BF-44D4-87AA-757C1CA7DF17}.Debug|Mixed Platforms.Build.0 = Debug|Any CPU
		{EF6AA5E7-D8BF-44D4-87AA-757C1CA7DF17}.Debug|x86.ActiveCfg = Debug|Any CPU
		{EF6AA5E7-D8BF-44D4-87AA-757C1CA7DF17}.Release|Any CPU.ActiveCfg = Release|Any CPU
		{EF6AA5E7-D8BF-44D4-87AA-757C1CA7DF17}.Release|Any CPU.Build.0 = Release|Any CPU
		{EF6AA5E7-D8BF-44D4-87AA-757C1CA7DF17}.Release|Mixed Platforms.ActiveCfg = Release|Any CPU
		{EF6AA5E7-D8BF-44D4-87AA-757C1CA7DF17}.Release|Mixed Platforms.Build.0 = Release|Any CPU
		{EF6AA5E7-D8BF-44D4-87AA-757C1CA7DF17}.Release|x86.ActiveCfg = Release|Any CPU
	EndGlobalSection
	GlobalSection(SolutionProperties) = preSolution
		HideSolutionNode = FALSE
	EndGlobalSection
EndGlobal
